// !$*UTF8*$!
{
	archiveVersion = 1;
	classes = {
	};
	objectVersion = 46;
	objects = {

/* Begin PBXBuildFile section */
		2AB5A3201DDEF2DF00EC6555 /* MoreTableViewController.swift in Sources */ = {isa = PBXBuildFile; fileRef = 2AB5A31F1DDEF2DF00EC6555 /* MoreTableViewController.swift */; };
		2AB5A3221DDEFC1C00EC6555 /* MoreTableViewCell.swift in Sources */ = {isa = PBXBuildFile; fileRef = 2AB5A3211DDEFC1C00EC6555 /* MoreTableViewCell.swift */; };
		2ACAB6731DDC5ECE00FDCEAF /* AppDelegate.swift in Sources */ = {isa = PBXBuildFile; fileRef = 2ACAB6721DDC5ECE00FDCEAF /* AppDelegate.swift */; };
		2ACAB6751DDC5ECE00FDCEAF /* ViewController.swift in Sources */ = {isa = PBXBuildFile; fileRef = 2ACAB6741DDC5ECE00FDCEAF /* ViewController.swift */; };
		2ACAB6781DDC5ECE00FDCEAF /* Main.storyboard in Resources */ = {isa = PBXBuildFile; fileRef = 2ACAB6761DDC5ECE00FDCEAF /* Main.storyboard */; };
		2ACAB67A1DDC5ECE00FDCEAF /* Assets.xcassets in Resources */ = {isa = PBXBuildFile; fileRef = 2ACAB6791DDC5ECE00FDCEAF /* Assets.xcassets */; };
		2ACAB67D1DDC5ECE00FDCEAF /* LaunchScreen.storyboard in Resources */ = {isa = PBXBuildFile; fileRef = 2ACAB67B1DDC5ECE00FDCEAF /* LaunchScreen.storyboard */; };
		433A548425C3D59F0085462B /* FTPopOverMenu_Swift.framework in Frameworks */ = {isa = PBXBuildFile; fileRef = 2A7CCAD823AC60EC004263C9 /* FTPopOverMenu_Swift.framework */; };
		433A548525C3D59F0085462B /* FTPopOverMenu_Swift.framework in Embed Frameworks */ = {isa = PBXBuildFile; fileRef = 2A7CCAD823AC60EC004263C9 /* FTPopOverMenu_Swift.framework */; settings = {ATTRIBUTES = (CodeSignOnCopy, RemoveHeadersOnCopy, ); }; };
		43505CA225BA99ED001F2940 /* AnotherViewController.swift in Sources */ = {isa = PBXBuildFile; fileRef = 43505CA025BA99ED001F2940 /* AnotherViewController.swift */; };
		43505CA325BA99ED001F2940 /* AnotherViewController.xib in Resources */ = {isa = PBXBuildFile; fileRef = 43505CA125BA99ED001F2940 /* AnotherViewController.xib */; };
/* End PBXBuildFile section */

/* Begin PBXCopyFilesBuildPhase section */
		433A548625C3D59F0085462B /* Embed Frameworks */ = {
			isa = PBXCopyFilesBuildPhase;
			buildActionMask = 2147483647;
			dstPath = "";
			dstSubfolderSpec = 10;
			files = (
				433A548525C3D59F0085462B /* FTPopOverMenu_Swift.framework in Embed Frameworks */,
			);
			name = "Embed Frameworks";
			runOnlyForDeploymentPostprocessing = 0;
		};
/* End PBXCopyFilesBuildPhase section */

/* Begin PBXFileReference section */
		2A7CCAD823AC60EC004263C9 /* FTPopOverMenu_Swift.framework */ = {isa = PBXFileReference; explicitFileType = wrapper.framework; path = FTPopOverMenu_Swift.framework; sourceTree = BUILT_PRODUCTS_DIR; };
		2AB5A31F1DDEF2DF00EC6555 /* MoreTableViewController.swift */ = {isa = PBXFileReference; fileEncoding = 4; lastKnownFileType = sourcecode.swift; path = MoreTableViewController.swift; sourceTree = "<group>"; };
		2AB5A3211DDEFC1C00EC6555 /* MoreTableViewCell.swift */ = {isa = PBXFileReference; fileEncoding = 4; lastKnownFileType = sourcecode.swift; path = MoreTableViewCell.swift; sourceTree = "<group>"; };
		2ACAB66F1DDC5ECE00FDCEAF /* FTPopOverMenuDemo.app */ = {isa = PBXFileReference; explicitFileType = wrapper.application; includeInIndex = 0; path = FTPopOverMenuDemo.app; sourceTree = BUILT_PRODUCTS_DIR; };
		2ACAB6721DDC5ECE00FDCEAF /* AppDelegate.swift */ = {isa = PBXFileReference; lastKnownFileType = sourcecode.swift; path = AppDelegate.swift; sourceTree = "<group>"; };
		2ACAB6741DDC5ECE00FDCEAF /* ViewController.swift */ = {isa = PBXFileReference; lastKnownFileType = sourcecode.swift; path = ViewController.swift; sourceTree = "<group>"; };
		2ACAB6771DDC5ECE00FDCEAF /* Base */ = {isa = PBXFileReference; lastKnownFileType = file.storyboard; name = Base; path = Base.lproj/Main.storyboard; sourceTree = "<group>"; };
		2ACAB6791DDC5ECE00FDCEAF /* Assets.xcassets */ = {isa = PBXFileReference; lastKnownFileType = folder.assetcatalog; path = Assets.xcassets; sourceTree = "<group>"; };
		2ACAB67C1DDC5ECE00FDCEAF /* Base */ = {isa = PBXFileReference; lastKnownFileType = file.storyboard; name = Base; path = Base.lproj/LaunchScreen.storyboard; sourceTree = "<group>"; };
		2ACAB67E1DDC5ECE00FDCEAF /* Info.plist */ = {isa = PBXFileReference; lastKnownFileType = text.plist.xml; path = Info.plist; sourceTree = "<group>"; };
		43505CA025BA99ED001F2940 /* AnotherViewController.swift */ = {isa = PBXFileReference; lastKnownFileType = sourcecode.swift; path = AnotherViewController.swift; sourceTree = "<group>"; };
		43505CA125BA99ED001F2940 /* AnotherViewController.xib */ = {isa = PBXFileReference; lastKnownFileType = file.xib; path = AnotherViewController.xib; sourceTree = "<group>"; };
/* End PBXFileReference section */

/* Begin PBXFrameworksBuildPhase section */
		2ACAB66C1DDC5ECE00FDCEAF /* Frameworks */ = {
			isa = PBXFrameworksBuildPhase;
			buildActionMask = 2147483647;
			files = (
				433A548425C3D59F0085462B /* FTPopOverMenu_Swift.framework in Frameworks */,
			);
			runOnlyForDeploymentPostprocessing = 0;
		};
/* End PBXFrameworksBuildPhase section */

/* Begin PBXGroup section */
		2ACAB6661DDC5ECE00FDCEAF = {
			isa = PBXGroup;
			children = (
				2A7CCAD823AC60EC004263C9 /* FTPopOverMenu_Swift.framework */,
				2ACAB6711DDC5ECE00FDCEAF /* FTPopOverMenuDemo */,
				2ACAB6701DDC5ECE00FDCEAF /* Products */,
				AEF91AA4D0C9830A55CB35BB /* Frameworks */,
			);
			sourceTree = "<group>";
		};
		2ACAB6701DDC5ECE00FDCEAF /* Products */ = {
			isa = PBXGroup;
			children = (
				2ACAB66F1DDC5ECE00FDCEAF /* FTPopOverMenuDemo.app */,
			);
			name = Products;
			sourceTree = "<group>";
		};
		2ACAB6711DDC5ECE00FDCEAF /* FTPopOverMenuDemo */ = {
			isa = PBXGroup;
			children = (
				2ACAB6721DDC5ECE00FDCEAF /* AppDelegate.swift */,
				2ACAB6741DDC5ECE00FDCEAF /* ViewController.swift */,
				43505CA025BA99ED001F2940 /* AnotherViewController.swift */,
				43505CA125BA99ED001F2940 /* AnotherViewController.xib */,
				2AB5A31F1DDEF2DF00EC6555 /* MoreTableViewController.swift */,
				2AB5A3211DDEFC1C00EC6555 /* MoreTableViewCell.swift */,
				2ACAB6761DDC5ECE00FDCEAF /* Main.storyboard */,
				2ACAB6791DDC5ECE00FDCEAF /* Assets.xcassets */,
				2ACAB67B1DDC5ECE00FDCEAF /* LaunchScreen.storyboard */,
				2ACAB67E1DDC5ECE00FDCEAF /* Info.plist */,
			);
			path = FTPopOverMenuDemo;
			sourceTree = "<group>";
		};
		AEF91AA4D0C9830A55CB35BB /* Frameworks */ = {
			isa = PBXGroup;
			children = (
			);
			name = Frameworks;
			sourceTree = "<group>";
		};
/* End PBXGroup section */

/* Begin PBXNativeTarget section */
		2ACAB66E1DDC5ECE00FDCEAF /* FTPopOverMenuDemo */ = {
			isa = PBXNativeTarget;
			buildConfigurationList = 2ACAB6811DDC5ECE00FDCEAF /* Build configuration list for PBXNativeTarget "FTPopOverMenuDemo" */;
			buildPhases = (
				2ACAB66B1DDC5ECE00FDCEAF /* Sources */,
				2ACAB66C1DDC5ECE00FDCEAF /* Frameworks */,
				2ACAB66D1DDC5ECE00FDCEAF /* Resources */,
				433A548625C3D59F0085462B /* Embed Frameworks */,
			);
			buildRules = (
			);
			dependencies = (
			);
			name = FTPopOverMenuDemo;
			productName = FTPopOverMenuDemo;
			productReference = 2ACAB66F1DDC5ECE00FDCEAF /* FTPopOverMenuDemo.app */;
			productType = "com.apple.product-type.application";
		};
/* End PBXNativeTarget section */

/* Begin PBXProject section */
		2ACAB6671DDC5ECE00FDCEAF /* Project object */ = {
			isa = PBXProject;
			attributes = {
				LastSwiftUpdateCheck = 0810;
				LastUpgradeCheck = 1020;
				ORGANIZATIONNAME = LiuFengting;
				TargetAttributes = {
					2ACAB66E1DDC5ECE00FDCEAF = {
						CreatedOnToolsVersion = 8.1;
						DevelopmentTeam = E83AC9WR2F;
						LastSwiftMigration = 1020;
						ProvisioningStyle = Automatic;
					};
				};
			};
			buildConfigurationList = 2ACAB66A1DDC5ECE00FDCEAF /* Build configuration list for PBXProject "FTPopOverMenuDemo" */;
			compatibilityVersion = "Xcode 3.2";
			developmentRegion = en;
			hasScannedForEncodings = 0;
			knownRegions = (
				en,
				Base,
			);
			mainGroup = 2ACAB6661DDC5ECE00FDCEAF;
			productRefGroup = 2ACAB6701DDC5ECE00FDCEAF /* Products */;
			projectDirPath = "";
			projectRoot = "";
			targets = (
				2ACAB66E1DDC5ECE00FDCEAF /* FTPopOverMenuDemo */,
			);
		};
/* End PBXProject section */

/* Begin PBXResourcesBuildPhase section */
		2ACAB66D1DDC5ECE00FDCEAF /* Resources */ = {
			isa = PBXResourcesBuildPhase;
			buildActionMask = 2147483647;
			files = (
				2ACAB67D1DDC5ECE00FDCEAF /* LaunchScreen.storyboard in Resources */,
				2ACAB67A1DDC5ECE00FDCEAF /* Assets.xcassets in Resources */,
				43505CA325BA99ED001F2940 /* AnotherViewController.xib in Resources */,
				2ACAB6781DDC5ECE00FDCEAF /* Main.storyboard in Resources */,
			);
			runOnlyForDeploymentPostprocessing = 0;
		};
/* End PBXResourcesBuildPhase section */

/* Begin PBXSourcesBuildPhase section */
		2ACAB66B1DDC5ECE00FDCEAF /* Sources */ = {
			isa = PBXSourcesBuildPhase;
			buildActionMask = 2147483647;
			files = (
				2ACAB6751DDC5ECE00FDCEAF /* ViewController.swift in Sources */,
				43505CA225BA99ED001F2940 /* AnotherViewController.swift in Sources */,
				2AB5A3221DDEFC1C00EC6555 /* MoreTableViewCell.swift in Sources */,
				2AB5A3201DDEF2DF00EC6555 /* MoreTableViewController.swift in Sources */,
				2ACAB6731DDC5ECE00FDCEAF /* AppDelegate.swift in Sources */,
			);
			runOnlyForDeploymentPostprocessing = 0;
		};
/* End PBXSourcesBuildPhase section */

/* Begin PBXVariantGroup section */
		2ACAB6761DDC5ECE00FDCEAF /* Main.storyboard */ = {
			isa = PBXVariantGroup;
			children = (
				2ACAB6771DDC5ECE00FDCEAF /* Base */,
			);
			name = Main.storyboard;
			sourceTree = "<group>";
		};
		2ACAB67B1DDC5ECE00FDCEAF /* LaunchScreen.storyboard */ = {
			isa = PBXVariantGroup;
			children = (
				2ACAB67C1DDC5ECE00FDCEAF /* Base */,
			);
			name = LaunchScreen.storyboard;
			sourceTree = "<group>";
		};
/* End PBXVariantGroup section */

/* Begin XCBuildConfiguration section */
		2ACAB67F1DDC5ECE00FDCEAF /* Debug */ = {
			isa = XCBuildConfiguration;
			buildSettings = {
				ALWAYS_SEARCH_USER_PATHS = NO;
				CLANG_ANALYZER_LOCALIZABILITY_NONLOCALIZED = YES;
				CLANG_ANALYZER_NONNULL = YES;
				CLANG_CXX_LANGUAGE_STANDARD = "gnu++0x";
				CLANG_CXX_LIBRARY = "libc++";
				CLANG_ENABLE_MODULES = YES;
				CLANG_ENABLE_OBJC_ARC = YES;
				CLANG_WARN_BLOCK_CAPTURE_AUTORELEASING = YES;
				CLANG_WARN_BOOL_CONVERSION = YES;
				CLANG_WARN_COMMA = YES;
				CLANG_WARN_CONSTANT_CONVERSION = YES;
				CLANG_WARN_DEPRECATED_OBJC_IMPLEMENTATIONS = YES;
				CLANG_WARN_DIRECT_OBJC_ISA_USAGE = YES_ERROR;
				CLANG_WARN_DOCUMENTATION_COMMENTS = YES;
				CLANG_WARN_EMPTY_BODY = YES;
				CLANG_WARN_ENUM_CONVERSION = YES;
				CLANG_WARN_INFINITE_RECURSION = YES;
				CLANG_WARN_INT_CONVERSION = YES;
				CLANG_WARN_NON_LITERAL_NULL_CONVERSION = YES;
				CLANG_WARN_OBJC_IMPLICIT_RETAIN_SELF = YES;
				CLANG_WARN_OBJC_LITERAL_CONVERSION = YES;
				CLANG_WARN_OBJC_ROOT_CLASS = YES_ERROR;
				CLANG_WARN_RANGE_LOOP_ANALYSIS = YES;
				CLANG_WARN_STRICT_PROTOTYPES = YES;
				CLANG_WARN_SUSPICIOUS_MOVE = YES;
				CLANG_WARN_SUSPICIOUS_MOVES = YES;
				CLANG_WARN_UNREACHABLE_CODE = YES;
				CLANG_WARN__DUPLICATE_METHOD_MATCH = YES;
				"CODE_SIGN_IDENTITY[sdk=iphoneos*]" = "iPhone Developer";
				COPY_PHASE_STRIP = NO;
				DEBUG_INFORMATION_FORMAT = dwarf;
				ENABLE_STRICT_OBJC_MSGSEND = YES;
				ENABLE_TESTABILITY = YES;
				GCC_C_LANGUAGE_STANDARD = gnu99;
				GCC_DYNAMIC_NO_PIC = NO;
				GCC_NO_COMMON_BLOCKS = YES;
				GCC_OPTIMIZATION_LEVEL = 0;
				GCC_PREPROCESSOR_DEFINITIONS = (
					"DEBUG=1",
					"$(inherited)",
				);
				GCC_WARN_64_TO_32_BIT_CONVERSION = YES;
				GCC_WARN_ABOUT_RETURN_TYPE = YES_ERROR;
				GCC_WARN_UNDECLARED_SELECTOR = YES;
				GCC_WARN_UNINITIALIZED_AUTOS = YES_AGGRESSIVE;
				GCC_WARN_UNUSED_FUNCTION = YES;
				GCC_WARN_UNUSED_VARIABLE = YES;
				IPHONEOS_DEPLOYMENT_TARGET = 9.0;
				MTL_ENABLE_DEBUG_INFO = YES;
				ONLY_ACTIVE_ARCH = YES;
				SDKROOT = iphoneos;
				SWIFT_ACTIVE_COMPILATION_CONDITIONS = DEBUG;
				SWIFT_OPTIMIZATION_LEVEL = "-Onone";
			};
			name = Debug;
		};
		2ACAB6801DDC5ECE00FDCEAF /* Release */ = {
			isa = XCBuildConfiguration;
			buildSettings = {
				ALWAYS_SEARCH_USER_PATHS = NO;
				CLANG_ANALYZER_LOCALIZABILITY_NONLOCALIZED = YES;
				CLANG_ANALYZER_NONNULL = YES;
				CLANG_CXX_LANGUAGE_STANDARD = "gnu++0x";
				CLANG_CXX_LIBRARY = "libc++";
				CLANG_ENABLE_MODULES = YES;
				CLANG_ENABLE_OBJC_ARC = YES;
				CLANG_WARN_BLOCK_CAPTURE_AUTORELEASING = YES;
				CLANG_WARN_BOOL_CONVERSION = YES;
				CLANG_WARN_COMMA = YES;
				CLANG_WARN_CONSTANT_CONVERSION = YES;
				CLANG_WARN_DEPRECATED_OBJC_IMPLEMENTATIONS = YES;
				CLANG_WARN_DIRECT_OBJC_ISA_USAGE = YES_ERROR;
				CLANG_WARN_DOCUMENTATION_COMMENTS = YES;
				CLANG_WARN_EMPTY_BODY = YES;
				CLANG_WARN_ENUM_CONVERSION = YES;
				CLANG_WARN_INFINITE_RECURSION = YES;
				CLANG_WARN_INT_CONVERSION = YES;
				CLANG_WARN_NON_LITERAL_NULL_CONVERSION = YES;
				CLANG_WARN_OBJC_IMPLICIT_RETAIN_SELF = YES;
				CLANG_WARN_OBJC_LITERAL_CONVERSION = YES;
				CLANG_WARN_OBJC_ROOT_CLASS = YES_ERROR;
				CLANG_WARN_RANGE_LOOP_ANALYSIS = YES;
				CLANG_WARN_STRICT_PROTOTYPES = YES;
				CLANG_WARN_SUSPICIOUS_MOVE = YES;
				CLANG_WARN_SUSPICIOUS_MOVES = YES;
				CLANG_WARN_UNREACHABLE_CODE = YES;
				CLANG_WARN__DUPLICATE_METHOD_MATCH = YES;
				"CODE_SIGN_IDENTITY[sdk=iphoneos*]" = "iPhone Developer";
				COPY_PHASE_STRIP = NO;
				DEBUG_INFORMATION_FORMAT = "dwarf-with-dsym";
				ENABLE_NS_ASSERTIONS = NO;
				ENABLE_STRICT_OBJC_MSGSEND = YES;
				GCC_C_LANGUAGE_STANDARD = gnu99;
				GCC_NO_COMMON_BLOCKS = YES;
				GCC_WARN_64_TO_32_BIT_CONVERSION = YES;
				GCC_WARN_ABOUT_RETURN_TYPE = YES_ERROR;
				GCC_WARN_UNDECLARED_SELECTOR = YES;
				GCC_WARN_UNINITIALIZED_AUTOS = YES_AGGRESSIVE;
				GCC_WARN_UNUSED_FUNCTION = YES;
				GCC_WARN_UNUSED_VARIABLE = YES;
				IPHONEOS_DEPLOYMENT_TARGET = 9.0;
				MTL_ENABLE_DEBUG_INFO = NO;
				SDKROOT = iphoneos;
				SWIFT_OPTIMIZATION_LEVEL = "-Owholemodule";
				VALIDATE_PRODUCT = YES;
			};
			name = Release;
		};
		2ACAB6821DDC5ECE00FDCEAF /* Debug */ = {
			isa = XCBuildConfiguration;
			buildSettings = {
				ASSETCATALOG_COMPILER_APPICON_NAME = AppIcon;
				CODE_SIGN_IDENTITY = "iPhone Developer";
				"CODE_SIGN_IDENTITY[sdk=iphoneos*]" = "iPhone Developer";
				CODE_SIGN_STYLE = Automatic;
				DEVELOPMENT_TEAM = E83AC9WR2F;
				ENABLE_BITCODE = YES;
				FRAMEWORK_SEARCH_PATHS = "";
				HEADER_SEARCH_PATHS = "$(inherited)";
				INFOPLIST_FILE = FTPopOverMenuDemo/Info.plist;
				IPHONEOS_DEPLOYMENT_TARGET = 9.0;
				LD_RUNPATH_SEARCH_PATHS = "$(inherited) @executable_path/Frameworks";
				PRODUCT_BUNDLE_IDENTIFIER = com.liufengting.FTDemo;
				PRODUCT_NAME = "$(TARGET_NAME)";
				PROVISIONING_PROFILE_SPECIFIER = "";
				SWIFT_VERSION = 5.0;
			};
			name = Debug;
		};
		2ACAB6831DDC5ECE00FDCEAF /* Release */ = {
			isa = XCBuildConfiguration;
			buildSettings = {
				ASSETCATALOG_COMPILER_APPICON_NAME = AppIcon;
				CODE_SIGN_IDENTITY = "iPhone Developer";
				"CODE_SIGN_IDENTITY[sdk=iphoneos*]" = "iPhone Developer";
				CODE_SIGN_STYLE = Automatic;
				DEVELOPMENT_TEAM = E83AC9WR2F;
				ENABLE_BITCODE = YES;
				FRAMEWORK_SEARCH_PATHS = "";
				HEADER_SEARCH_PATHS = "$(inherited)";
				INFOPLIST_FILE = FTPopOverMenuDemo/Info.plist;
				IPHONEOS_DEPLOYMENT_TARGET = 9.0;
				LD_RUNPATH_SEARCH_PATHS = "$(inherited) @executable_path/Frameworks";
				PRODUCT_BUNDLE_IDENTIFIER = com.liufengting.FTDemo;
				PRODUCT_NAME = "$(TARGET_NAME)";
				PROVISIONING_PROFILE_SPECIFIER = "";
				SWIFT_VERSION = 5.0;
			};
			name = Release;
		};
/* End XCBuildConfiguration section */

/* Begin XCConfigurationList section */
		2ACAB66A1DDC5ECE00FDCEAF /* Build configuration list for PBXProject "FTPopOverMenuDemo" */ = {
			isa = XCConfigurationList;
			buildConfigurations = (
				2ACAB67F1DDC5ECE00FDCEAF /* Debug */,
				2ACAB6801DDC5ECE00FDCEAF /* Release */,
			);
			defaultConfigurationIsVisible = 0;
			defaultConfigurationName = Release;
		};
		2ACAB6811DDC5ECE00FDCEAF /* Build configuration list for PBXNativeTarget "FTPopOverMenuDemo" */ = {
			isa = XCConfigurationList;
			buildConfigurations = (
				2ACAB6821DDC5ECE00FDCEAF /* Debug */,
				2ACAB6831DDC5ECE00FDCEAF /* Release */,
			);
			defaultConfigurationIsVisible = 0;
			defaultConfigurationName = Release;
		};
/* End XCConfigurationList section */
	};
	rootObject = 2ACAB6671DDC5ECE00FDCEAF /* Project object */;
}
