PODS:
  - FTPopOverMenu_Swift (0.2.1)

DEPENDENCIES:
  - FTPopOverMenu_Swift (from `../`)

EXTERNAL SOURCES:
  FTPopOverMenu_Swift:
    :path: "../"

SPEC CHECKSUMS:
  FTPopOverMenu_Swift: c91ce7301c358264743de028bc28177ee9d8e1a4

PODFILE CHECKSUM: 1b7f202d9ac9c36abf8f7ddee5306bc45b248428

COCOAPODS: 1.8.4
