PODS:
  - FTPopOverMenu_Swift (0.1.5)

DEPENDENCIES:
  - FTPopOverMenu_Swift (from `../`)

EXTERNAL SOURCES:
  FTPopOverMenu_Swift:
    :path: "../"

SPEC CHECKSUMS:
  FTPopOverMenu_Swift: 572317c2cecc70f1033307aaea0b47365bc29f4e

PODFILE CHECKSUM: 1b7f202d9ac9c36abf8f7ddee5306bc45b248428

COCOAPODS: 1.7.0.beta.2
